
Microsoft Visual Studio Solution File, Format Version 12.00
# Visual Studio Version 17
VisualStudioVersion = 17.1.32421.90
MinimumVisualStudioVersion = 10.0.40219.1
Project("{9A19103F-16F7-4668-BE54-9A1E7A4F7556}") = "FuzzyTest", "FuzzyTest.csproj", "{9B53CFD6-1DD0-4AF8-98BF-3141BF9B4C8C}"
EndProject
Project("{9A19103F-16F7-4668-BE54-9A1E7A4F7556}") = "FuzzORama", "..\FuzzORama\FuzzORama.csproj", "{08E8F928-0934-411E-B986-EA1C624EF152}"
EndProject
Global
	GlobalSection(SolutionConfigurationPlatforms) = preSolution
		Debug|Any CPU = Debug|Any CPU
		Release|Any CPU = Release|Any CPU
	EndGlobalSection
	GlobalSection(ProjectConfigurationPlatforms) = postSolution
		{9B53CFD6-1DD0-4AF8-98BF-3141BF9B4C8C}.Debug|Any CPU.ActiveCfg = Debug|Any CPU
		{9B53CFD6-1DD0-4AF8-98BF-3141BF9B4C8C}.Debug|Any CPU.Build.0 = Debug|Any CPU
		{9B53CFD6-1DD0-4AF8-98BF-3141BF9B4C8C}.Release|Any CPU.ActiveCfg = Release|Any CPU
		{9B53CFD6-1DD0-4AF8-98BF-3141BF9B4C8C}.Release|Any CPU.Build.0 = Release|Any CPU
		{08E8F928-0934-411E-B986-EA1C624EF152}.Debug|Any CPU.ActiveCfg = Debug|Any CPU
		{08E8F928-0934-411E-B986-EA1C624EF152}.Debug|Any CPU.Build.0 = Debug|Any CPU
		{08E8F928-0934-411E-B986-EA1C624EF152}.Release|Any CPU.ActiveCfg = Release|Any CPU
		{08E8F928-0934-411E-B986-EA1C624EF152}.Release|Any CPU.Build.0 = Release|Any CPU
	EndGlobalSection
	GlobalSection(SolutionProperties) = preSolution
		HideSolutionNode = FALSE
	EndGlobalSection
	GlobalSection(ExtensibilityGlobals) = postSolution
		SolutionGuid = {9FE0F818-98CE-4338-A42D-8684E9B6BD0C}
	EndGlobalSection
EndGlobal
