
Microsoft Visual Studio Solution File, Format Version 12.00
# Visual Studio Version 17
VisualStudioVersion = 17.2.32616.157
MinimumVisualStudioVersion = 10.0.40219.1
Project("{E24C65DC-7377-472B-9ABA-BC803B73C61A}") = "Documentation", ".", "{120FA90D-8B88-4053-BDCC-75D0346AE4AE}"
	ProjectSection(WebsiteProperties) = preProject
		TargetFrameworkMoniker = ".NETFramework,Version%3Dv4.0"
		Debug.AspNetCompiler.VirtualPath = "/localhost_61043"
		Debug.AspNetCompiler.PhysicalPath = "..\Documentation\"
		Debug.AspNetCompiler.TargetPath = "PrecompiledWeb\localhost_61043\"
		Debug.AspNetCompiler.Updateable = "true"
		Debug.AspNetCompiler.ForceOverwrite = "true"
		Debug.AspNetCompiler.FixedNames = "false"
		Debug.AspNetCompiler.Debug = "True"
		Release.AspNetCompiler.VirtualPath = "/localhost_61043"
		Release.AspNetCompiler.PhysicalPath = "..\Documentation\"
		Release.AspNetCompiler.TargetPath = "PrecompiledWeb\localhost_61043\"
		Release.AspNetCompiler.Updateable = "true"
		Release.AspNetCompiler.ForceOverwrite = "true"
		Release.AspNetCompiler.FixedNames = "false"
		Release.AspNetCompiler.Debug = "False"
		VWDPort = "61043"
		SlnRelativePath = "..\Documentation\"
	EndProjectSection
EndProject
Global
	GlobalSection(SolutionConfigurationPlatforms) = preSolution
		Debug|Any CPU = Debug|Any CPU
	EndGlobalSection
	GlobalSection(ProjectConfigurationPlatforms) = postSolution
		{120FA90D-8B88-4053-BDCC-75D0346AE4AE}.Debug|Any CPU.ActiveCfg = Debug|Any CPU
		{120FA90D-8B88-4053-BDCC-75D0346AE4AE}.Debug|Any CPU.Build.0 = Debug|Any CPU
	EndGlobalSection
	GlobalSection(SolutionProperties) = preSolution
		HideSolutionNode = FALSE
	EndGlobalSection
	GlobalSection(ExtensibilityGlobals) = postSolution
		SolutionGuid = {03E717B7-0494-44C5-9C13-146E16E7CA3A}
	EndGlobalSection
EndGlobal
